{
  "name": "playwright_nodejs",
  "version": "1.0.0",
  "lockfileVersion": 3,
  "requires": true,
  "packages": {
    "": {
      "name": "playwright_nodejs",
      "version": "1.0.0",
      "license": "ISC",
      "dependencies": {
        "@cliqz/adblocker-playwright": "^1.26.2",
        "csv-parse": "^5.3.6",
        "dotenv": "^16.0.3",
        "playwright": "^1.32.0"
      },
      "devDependencies": {
        "@playwright/test": "^1.32.3"
      }
    },
    "node_modules/@cliqz/adblocker": {
      "version": "1.26.2",
      "resolved": "https://registry.npmjs.org/@cliqz/adblocker/-/adblocker-1.26.2.tgz",
      "integrity": "sha512-z6yA6fg5yMF3ooAhXUOwQ3snvxS+bRR0dEdF+VquvjGNM6/Qf1kfV045h/TyQKyrQQHzu+LPCcE45W3dOgK6Vg==",
      "dependencies": {
        "@cliqz/adblocker-content": "^1.26.2",
        "@cliqz/adblocker-extended-selectors": "^1.26.2",
        "@remusao/guess-url-type": "^1.1.2",
        "@remusao/small": "^1.1.2",
        "@remusao/smaz": "^1.7.1",
        "@types/chrome": "^0.0.218",
        "@types/firefox-webext-browser": "^109.0.0",
        "tldts-experimental": "^5.6.21"
      }
    },
    "node_modules/@cliqz/adblocker-content": {
      "version": "1.26.2",
      "resolved": "https://registry.npmjs.org/@cliqz/adblocker-content/-/adblocker-content-1.26.2.tgz",
      "integrity": "sha512-n9/EqGtyqtHFPGLFwAkLqUf52O4UWVJx47+EJ1yIIbcXr2sk4wLtWzjlvBrGUsXo9rx7RbD1vsGPAj7NjiXiMQ==",
      "dependencies": {
        "@cliqz/adblocker-extended-selectors": "^1.26.2"
      }
    },
    "node_modules/@cliqz/adblocker-extended-selectors": {
      "version": "1.26.2",
      "resolved": "https://registry.npmjs.org/@cliqz/adblocker-extended-selectors/-/adblocker-extended-selectors-1.26.2.tgz",
      "integrity": "sha512-4ZV9uiRzJu+fkBlXd04ITYOHhvnahwL/UEDszbD7RB+yP2YcKBXuRNEZmL9ibccXHBNYXyZesS8Qo7dQ9kvzmQ=="
    },
    "node_modules/@cliqz/adblocker-playwright": {
      "version": "1.26.2",
      "resolved": "https://registry.npmjs.org/@cliqz/adblocker-playwright/-/adblocker-playwright-1.26.2.tgz",
      "integrity": "sha512-26ePd7DQYK8uPdyMwYWDTRUhePnYl+h183qz/fCunfliJ1BjHEZcDukTM3w6N1uLg/VAsKR0PLraI0qbCm6JEQ==",
      "dependencies": {
        "@cliqz/adblocker": "^1.26.2",
        "@cliqz/adblocker-content": "^1.26.2",
        "tldts-experimental": "^5.6.21"
      },
      "peerDependencies": {
        "playwright": "^1.x"
      }
    },
    "node_modules/@playwright/test": {
      "version": "1.32.3",
      "resolved": "https://registry.npmjs.org/@playwright/test/-/test-1.32.3.tgz",
      "integrity": "sha512-BvWNvK0RfBriindxhLVabi8BRe3X0J9EVjKlcmhxjg4giWBD/xleLcg2dz7Tx0agu28rczjNIPQWznwzDwVsZQ==",
      "dev": true,
      "dependencies": {
        "@types/node": "*",
        "playwright-core": "1.32.3"
      },
      "bin": {
        "playwright": "cli.js"
      },
      "engines": {
        "node": ">=14"
      },
      "optionalDependencies": {
        "fsevents": "2.3.2"
      }
    },
    "node_modules/@playwright/test/node_modules/playwright-core": {
      "version": "1.32.3",
      "resolved": "https://registry.npmjs.org/playwright-core/-/playwright-core-1.32.3.tgz",
      "integrity": "sha512-SB+cdrnu74ZIn5Ogh/8278ngEh9NEEV0vR4sJFmK04h2iZpybfbqBY0bX6+BLYWVdV12JLLI+JEFtSnYgR+mWg==",
      "dev": true,
      "bin": {
        "playwright": "cli.js"
      },
      "engines": {
        "node": ">=14"
      }
    },
    "node_modules/@remusao/guess-url-type": {
      "version": "1.2.1",
      "resolved": "https://registry.npmjs.org/@remusao/guess-url-type/-/guess-url-type-1.2.1.tgz",
      "integrity": "sha512-rbOqre2jW8STjheOsOaQHLgYBaBZ9Owbdt8NO7WvNZftJlaG3y/K9oOkl8ZUpuFBisIhmBuMEW6c+YrQl5inRA=="
    },
    "node_modules/@remusao/small": {
      "version": "1.2.1",
      "resolved": "https://registry.npmjs.org/@remusao/small/-/small-1.2.1.tgz",
      "integrity": "sha512-7MjoGt0TJMVw1GPKgWq6SJPws1SLsUXQRa43Umht+nkyw2jnpy3WpiLNqGdwo5rHr5Wp9B2W/Pm5RQp656UJdw=="
    },
    "node_modules/@remusao/smaz": {
      "version": "1.9.1",
      "resolved": "https://registry.npmjs.org/@remusao/smaz/-/smaz-1.9.1.tgz",
      "integrity": "sha512-e6BLuP8oaXCZ9+v46Is4ilAZ/Vq6YLgmBP204Ixgk1qTjXmqvFYG7+AS7v9nsZdGOy96r9DWGFbbDVgMxwu1rA==",
      "dependencies": {
        "@remusao/smaz-compress": "^1.9.1",
        "@remusao/smaz-decompress": "^1.9.1"
      }
    },
    "node_modules/@remusao/smaz-compress": {
      "version": "1.9.1",
      "resolved": "https://registry.npmjs.org/@remusao/smaz-compress/-/smaz-compress-1.9.1.tgz",
      "integrity": "sha512-E2f48TwloQu3r6BdLOGF2aczeH7bJ/32oJGqvzT9SKur0cuUnLcZ7ZXP874E2fwmdE+cXzfC7bKzp79cDnmeyw==",
      "dependencies": {
        "@remusao/trie": "^1.4.1"
      }
    },
    "node_modules/@remusao/smaz-decompress": {
      "version": "1.9.1",
      "resolved": "https://registry.npmjs.org/@remusao/smaz-decompress/-/smaz-decompress-1.9.1.tgz",
      "integrity": "sha512-TfjKKprYe3n47od8auhvJ/Ikj9kQTbDTe71ynKlxslrvvUhlIV3VQSuwYuMWMbdz1fIs0H/fxCN1Z8/H3km6/A=="
    },
    "node_modules/@remusao/trie": {
      "version": "1.4.1",
      "resolved": "https://registry.npmjs.org/@remusao/trie/-/trie-1.4.1.tgz",
      "integrity": "sha512-yvwa+aCyYI/UjeD39BnpMypG8N06l86wIDW1/PAc6ihBRnodIfZDwccxQN3n1t74wduzaz74m4ZMHZnB06567Q=="
    },
    "node_modules/@types/chrome": {
      "version": "0.0.218",
      "resolved": "https://registry.npmjs.org/@types/chrome/-/chrome-0.0.218.tgz",
      "integrity": "sha512-GC/c9B3Eo3h3l+fV5G6A9cRMEZOYo46E21mjHHfkXz+/A5uypXstMVAMk04IeGY2DJ7PxVxbn26oFBPZOa4Dkw==",
      "dependencies": {
        "@types/filesystem": "*",
        "@types/har-format": "*"
      }
    },
    "node_modules/@types/filesystem": {
      "version": "0.0.32",
      "resolved": "https://registry.npmjs.org/@types/filesystem/-/filesystem-0.0.32.tgz",
      "integrity": "sha512-Yuf4jR5YYMR2DVgwuCiP11s0xuVRyPKmz8vo6HBY3CGdeMj8af93CFZX+T82+VD1+UqHOxTq31lO7MI7lepBtQ==",
      "dependencies": {
        "@types/filewriter": "*"
      }
    },
    "node_modules/@types/filewriter": {
      "version": "0.0.29",
      "resolved": "https://registry.npmjs.org/@types/filewriter/-/filewriter-0.0.29.tgz",
      "integrity": "sha512-BsPXH/irW0ht0Ji6iw/jJaK8Lj3FJemon2gvEqHKpCdDCeemHa+rI3WBGq5z7cDMZgoLjY40oninGxqk+8NzNQ=="
    },
    "node_modules/@types/firefox-webext-browser": {
      "version": "109.0.0",
      "resolved": "https://registry.npmjs.org/@types/firefox-webext-browser/-/firefox-webext-browser-109.0.0.tgz",
      "integrity": "sha512-tkEjBP/zZxaS5bv8MH/0kUs3WeUm8KU3Ew1B9BtQQdq5PwtG23SXvAbjxjMSQpoIzbxyWG4Yu4mi1uB2S8W7ng=="
    },
    "node_modules/@types/har-format": {
      "version": "1.2.10",
      "resolved": "https://registry.npmjs.org/@types/har-format/-/har-format-1.2.10.tgz",
      "integrity": "sha512-o0J30wqycjF5miWDKYKKzzOU1ZTLuA42HZ4HE7/zqTOc/jTLdQ5NhYWvsRQo45Nfi1KHoRdNhteSI4BAxTF1Pg=="
    },
    "node_modules/@types/node": {
      "version": "18.15.0",
      "resolved": "https://registry.npmjs.org/@types/node/-/node-18.15.0.tgz",
      "integrity": "sha512-z6nr0TTEOBGkzLGmbypWOGnpSpSIBorEhC4L+4HeQ2iezKCi4f77kyslRwvHeNitymGQ+oFyIWGP96l/DPSV9w==",
      "dev": true
    },
    "node_modules/csv-parse": {
      "version": "5.3.6",
      "resolved": "https://registry.npmjs.org/csv-parse/-/csv-parse-5.3.6.tgz",
      "integrity": "sha512-WI330GjCuEioK/ii8HM2YE/eV+ynpeLvU+RXw4R8bRU8R0laK5zO3fDsc4gH8s472e3Ga38rbIjCAiQh+tEHkw=="
    },
    "node_modules/dotenv": {
      "version": "16.0.3",
      "resolved": "https://registry.npmjs.org/dotenv/-/dotenv-16.0.3.tgz",
      "integrity": "sha512-7GO6HghkA5fYG9TYnNxi14/7K9f5occMlp3zXAuSxn7CKCxt9xbNWG7yF8hTCSUchlfWSe3uLmlPfigevRItzQ==",
      "engines": {
        "node": ">=12"
      }
    },
    "node_modules/fsevents": {
      "version": "2.3.2",
      "resolved": "https://registry.npmjs.org/fsevents/-/fsevents-2.3.2.tgz",
      "integrity": "sha512-xiqMQR4xAeHTuB9uWm+fFRcIOgKBMiOBP+eXiyT7jsgVCq1bkVygt00oASowB7EdtpOHaaPgKt812P9ab+DDKA==",
      "dev": true,
      "hasInstallScript": true,
      "optional": true,
      "os": [
        "darwin"
      ],
      "engines": {
        "node": "^8.16.0 || ^10.6.0 || >=11.0.0"
      }
    },
    "node_modules/playwright": {
      "version": "1.32.0",
      "resolved": "https://registry.npmjs.org/playwright/-/playwright-1.32.0.tgz",
      "integrity": "sha512-zQVzxTGoC/ak2Zu0l3CeBGQ6z5oOka5ecUOk+5QbmAerih6CaVsjY9BjjhiN+UOImd3xLiNeCcmLEWcXlz1Dlg==",
      "hasInstallScript": true,
      "dependencies": {
        "playwright-core": "1.32.0"
      },
      "bin": {
        "playwright": "cli.js"
      },
      "engines": {
        "node": ">=14"
      }
    },
    "node_modules/playwright-core": {
      "version": "1.32.0",
      "resolved": "https://registry.npmjs.org/playwright-core/-/playwright-core-1.32.0.tgz",
      "integrity": "sha512-Z9Ij17X5Z3bjpp6XKujGBp9Gv4eViESac9aDmwgQFUEJBW0K80T21m/Z+XJQlu4cNsvPygw33b6V1Va6Bda5zQ==",
      "bin": {
        "playwright": "cli.js"
      },
      "engines": {
        "node": ">=14"
      }
    },
    "node_modules/tldts-core": {
      "version": "5.7.111",
      "resolved": "https://registry.npmjs.org/tldts-core/-/tldts-core-5.7.111.tgz",
      "integrity": "sha512-BU3OOzGbih8zvLiKgDw+wNS311ItfLt3gXi3qSDvAQiI86l+dyEAGSEs2s72ptPJ3KqXgRt7wiE6jTQ2SgoMqw=="
    },
    "node_modules/tldts-experimental": {
      "version": "5.7.111",
      "resolved": "https://registry.npmjs.org/tldts-experimental/-/tldts-experimental-5.7.111.tgz",
      "integrity": "sha512-hvQ2CqRTz7XR5uD0YE+sve0cFLUYfOmLbBQJhu4EDXAYWtxxuRz0lNHLne9cUy3gmu3WgoxNdth6P3FIwzFogA==",
      "dependencies": {
        "tldts-core": "^5.7.111"
      }
    }
  }
}
